// !$*UTF8*$!
{
	archiveVersion = 1;
	classes = {
	};
	objectVersion = 46;
	objects = {

/* Begin PBXBuildFile section */
		4C9CC197154E8B070031DB30 /* aes.c in Sources */ = {isa = PBXBuildFile; fileRef = 4C9CC170154E8B060031DB30 /* aes.c */; };
		4C9CC198154E8B070031DB30 /* arc4.c in Sources */ = {isa = PBXBuildFile; fileRef = 4C9CC171154E8B060031DB30 /* arc4.c */; };
		4C9CC199154E8B070031DB30 /* asn1parse.c in Sources */ = {isa = PBXBuildFile; fileRef = 4C9CC172154E8B060031DB30 /* asn1parse.c */; };
		4C9CC19A154E8B070031DB30 /* base64.c in Sources */ = {isa = PBXBuildFile; fileRef = 4C9CC173154E8B060031DB30 /* base64.c */; };
		4C9CC19B154E8B070031DB30 /* bignum.c in Sources */ = {isa = PBXBuildFile; fileRef = 4C9CC174154E8B060031DB30 /* bignum.c */; };
		4C9CC19C154E8B070031DB30 /* camellia.c in Sources */ = {isa = PBXBuildFile; fileRef = 4C9CC175154E8B060031DB30 /* camellia.c */; };
		4C9CC19D154E8B070031DB30 /* certs.c in Sources */ = {isa = PBXBuildFile; fileRef = 4C9CC176154E8B060031DB30 /* certs.c */; };
		4C9CC19E154E8B070031DB30 /* cipher_wrap.c in Sources */ = {isa = PBXBuildFile; fileRef = 4C9CC177154E8B060031DB30 /* cipher_wrap.c */; };
		4C9CC19F154E8B070031DB30 /* cipher.c in Sources */ = {isa = PBXBuildFile; fileRef = 4C9CC178154E8B060031DB30 /* cipher.c */; };
		4C9CC1A0154E8B070031DB30 /* ctr_drbg.c in Sources */ = {isa = PBXBuildFile; fileRef = 4C9CC17A154E8B060031DB30 /* ctr_drbg.c */; };
		4C9CC1A1154E8B070031DB30 /* debug.c in Sources */ = {isa = PBXBuildFile; fileRef = 4C9CC17B154E8B060031DB30 /* debug.c */; };
		4C9CC1A2154E8B070031DB30 /* des.c in Sources */ = {isa = PBXBuildFile; fileRef = 4C9CC17C154E8B060031DB30 /* des.c */; };
		4C9CC1A3154E8B070031DB30 /* dhm.c in Sources */ = {isa = PBXBuildFile; fileRef = 4C9CC17D154E8B060031DB30 /* dhm.c */; };
		4C9CC1A4154E8B070031DB30 /* entropy_poll.c in Sources */ = {isa = PBXBuildFile; fileRef = 4C9CC17E154E8B060031DB30 /* entropy_poll.c */; };
		4C9CC1A5154E8B070031DB30 /* entropy.c in Sources */ = {isa = PBXBuildFile; fileRef = 4C9CC17F154E8B060031DB30 /* entropy.c */; };
		4C9CC1A6154E8B070031DB30 /* error.c in Sources */ = {isa = PBXBuildFile; fileRef = 4C9CC180154E8B060031DB30 /* error.c */; };
		4C9CC1A7154E8B070031DB30 /* havege.c in Sources */ = {isa = PBXBuildFile; fileRef = 4C9CC181154E8B060031DB30 /* havege.c */; };
		4C9CC1A9154E8B070031DB30 /* md_wrap.c in Sources */ = {isa = PBXBuildFile; fileRef = 4C9CC183154E8B070031DB30 /* md_wrap.c */; };
		4C9CC1AA154E8B070031DB30 /* md.c in Sources */ = {isa = PBXBuildFile; fileRef = 4C9CC184154E8B070031DB30 /* md.c */; };
		4C9CC1AB154E8B070031DB30 /* md2.c in Sources */ = {isa = PBXBuildFile; fileRef = 4C9CC185154E8B070031DB30 /* md2.c */; };
		4C9CC1AC154E8B070031DB30 /* md4.c in Sources */ = {isa = PBXBuildFile; fileRef = 4C9CC186154E8B070031DB30 /* md4.c */; };
		4C9CC1AD154E8B070031DB30 /* md5.c in Sources */ = {isa = PBXBuildFile; fileRef = 4C9CC187154E8B070031DB30 /* md5.c */; };
		4C9CC1AE154E8B070031DB30 /* net.c in Sources */ = {isa = PBXBuildFile; fileRef = 4C9CC188154E8B070031DB30 /* net.c */; };
		4C9CC1AF154E8B070031DB30 /* padlock.c in Sources */ = {isa = PBXBuildFile; fileRef = 4C9CC189154E8B070031DB30 /* padlock.c */; };
		4C9CC1B0154E8B070031DB30 /* pem.c in Sources */ = {isa = PBXBuildFile; fileRef = 4C9CC18A154E8B070031DB30 /* pem.c */; };
		4C9CC1B1154E8B070031DB30 /* pkcs11.c in Sources */ = {isa = PBXBuildFile; fileRef = 4C9CC18B154E8B070031DB30 /* pkcs11.c */; };
		4C9CC1B2154E8B070031DB30 /* rsa.c in Sources */ = {isa = PBXBuildFile; fileRef = 4C9CC18C154E8B070031DB30 /* rsa.c */; };
		4C9CC1B3154E8B070031DB30 /* sha1.c in Sources */ = {isa = PBXBuildFile; fileRef = 4C9CC18D154E8B070031DB30 /* sha1.c */; };
		4C9CC1B4154E8B070031DB30 /* sha2.c in Sources */ = {isa = PBXBuildFile; fileRef = 4C9CC18E154E8B070031DB30 /* sha2.c */; };
		4C9CC1B5154E8B070031DB30 /* sha4.c in Sources */ = {isa = PBXBuildFile; fileRef = 4C9CC18F154E8B070031DB30 /* sha4.c */; };
		4C9CC1B6154E8B070031DB30 /* ssl_cli.c in Sources */ = {isa = PBXBuildFile; fileRef = 4C9CC190154E8B070031DB30 /* ssl_cli.c */; };
		4C9CC1B7154E8B070031DB30 /* ssl_srv.c in Sources */ = {isa = PBXBuildFile; fileRef = 4C9CC191154E8B070031DB30 /* ssl_srv.c */; };
		4C9CC1B8154E8B070031DB30 /* ssl_tls.c in Sources */ = {isa = PBXBuildFile; fileRef = 4C9CC192154E8B070031DB30 /* ssl_tls.c */; };
		4C9CC1B9154E8B070031DB30 /* timing.c in Sources */ = {isa = PBXBuildFile; fileRef = 4C9CC193154E8B070031DB30 /* timing.c */; };
		4C9CC1BA154E8B070031DB30 /* version.c in Sources */ = {isa = PBXBuildFile; fileRef = 4C9CC194154E8B070031DB30 /* version.c */; };
		4C9CC1BB154E8B070031DB30 /* x509parse.c in Sources */ = {isa = PBXBuildFile; fileRef = 4C9CC195154E8B070031DB30 /* x509parse.c */; };
		4C9CC1BC154E8B070031DB30 /* xtea.c in Sources */ = {isa = PBXBuildFile; fileRef = 4C9CC196154E8B070031DB30 /* xtea.c */; };
		4C9CC1E7154E8F330031DB30 /* aes.h in Headers */ = {isa = PBXBuildFile; fileRef = 4C9CC1C1154E8F330031DB30 /* aes.h */; };
		4C9CC1E8154E8F330031DB30 /* arc4.h in Headers */ = {isa = PBXBuildFile; fileRef = 4C9CC1C2154E8F330031DB30 /* arc4.h */; };
		4C9CC1E9154E8F330031DB30 /* asn1.h in Headers */ = {isa = PBXBuildFile; fileRef = 4C9CC1C3154E8F330031DB30 /* asn1.h */; };
		4C9CC1EA154E8F330031DB30 /* base64.h in Headers */ = {isa = PBXBuildFile; fileRef = 4C9CC1C4154E8F330031DB30 /* base64.h */; };
		4C9CC1EB154E8F330031DB30 /* bignum.h in Headers */ = {isa = PBXBuildFile; fileRef = 4C9CC1C5154E8F330031DB30 /* bignum.h */; };
		4C9CC1EC154E8F330031DB30 /* bn_mul.h in Headers */ = {isa = PBXBuildFile; fileRef = 4C9CC1C6154E8F330031DB30 /* bn_mul.h */; };
		4C9CC1ED154E8F330031DB30 /* camellia.h in Headers */ = {isa = PBXBuildFile; fileRef = 4C9CC1C7154E8F330031DB30 /* camellia.h */; };
		4C9CC1EE154E8F330031DB30 /* certs.h in Headers */ = {isa = PBXBuildFile; fileRef = 4C9CC1C8154E8F330031DB30 /* certs.h */; };
		4C9CC1EF154E8F330031DB30 /* cipher_wrap.h in Headers */ = {isa = PBXBuildFile; fileRef = 4C9CC1C9154E8F330031DB30 /* cipher_wrap.h */; };
		4C9CC1F0154E8F330031DB30 /* cipher.h in Headers */ = {isa = PBXBuildFile; fileRef = 4C9CC1CA154E8F330031DB30 /* cipher.h */; };
		4C9CC1F1154E8F330031DB30 /* config.h in Headers */ = {isa = PBXBuildFile; fileRef = 4C9CC1CB154E8F330031DB30 /* config.h */; };
		4C9CC1F2154E8F330031DB30 /* ctr_drbg.h in Headers */ = {isa = PBXBuildFile; fileRef = 4C9CC1CC154E8F330031DB30 /* ctr_drbg.h */; };
		4C9CC1F3154E8F330031DB30 /* debug.h in Headers */ = {isa = PBXBuildFile; fileRef = 4C9CC1CD154E8F330031DB30 /* debug.h */; };
		4C9CC1F4154E8F330031DB30 /* des.h in Headers */ = {isa = PBXBuildFile; fileRef = 4C9CC1CE154E8F330031DB30 /* des.h */; };
		4C9CC1F5154E8F330031DB30 /* dhm.h in Headers */ = {isa = PBXBuildFile; fileRef = 4C9CC1CF154E8F330031DB30 /* dhm.h */; };
		4C9CC1F6154E8F330031DB30 /* entropy_poll.h in Headers */ = {isa = PBXBuildFile; fileRef = 4C9CC1D0154E8F330031DB30 /* entropy_poll.h */; };
		4C9CC1F7154E8F330031DB30 /* entropy.h in Headers */ = {isa = PBXBuildFile; fileRef = 4C9CC1D1154E8F330031DB30 /* entropy.h */; };
		4C9CC1F8154E8F330031DB30 /* error.h in Headers */ = {isa = PBXBuildFile; fileRef = 4C9CC1D2154E8F330031DB30 /* error.h */; };
		4C9CC1F9154E8F330031DB30 /* havege.h in Headers */ = {isa = PBXBuildFile; fileRef = 4C9CC1D3154E8F330031DB30 /* havege.h */; };
		4C9CC1FA154E8F330031DB30 /* md_wrap.h in Headers */ = {isa = PBXBuildFile; fileRef = 4C9CC1D4154E8F330031DB30 /* md_wrap.h */; };
		4C9CC1FB154E8F330031DB30 /* md.h in Headers */ = {isa = PBXBuildFile; fileRef = 4C9CC1D5154E8F330031DB30 /* md.h */; };
		4C9CC1FC154E8F330031DB30 /* md2.h in Headers */ = {isa = PBXBuildFile; fileRef = 4C9CC1D6154E8F330031DB30 /* md2.h */; };
		4C9CC1FD154E8F330031DB30 /* md4.h in Headers */ = {isa = PBXBuildFile; fileRef = 4C9CC1D7154E8F330031DB30 /* md4.h */; };
		4C9CC1FE154E8F330031DB30 /* md5.h in Headers */ = {isa = PBXBuildFile; fileRef = 4C9CC1D8154E8F330031DB30 /* md5.h */; };
		4C9CC1FF154E8F330031DB30 /* net.h in Headers */ = {isa = PBXBuildFile; fileRef = 4C9CC1D9154E8F330031DB30 /* net.h */; };
		4C9CC200154E8F330031DB30 /* openssl.h in Headers */ = {isa = PBXBuildFile; fileRef = 4C9CC1DA154E8F330031DB30 /* openssl.h */; };
		4C9CC201154E8F330031DB30 /* padlock.h in Headers */ = {isa = PBXBuildFile; fileRef = 4C9CC1DB154E8F330031DB30 /* padlock.h */; };
		4C9CC202154E8F330031DB30 /* pem.h in Headers */ = {isa = PBXBuildFile; fileRef = 4C9CC1DC154E8F330031DB30 /* pem.h */; };
		4C9CC203154E8F330031DB30 /* pkcs11.h in Headers */ = {isa = PBXBuildFile; fileRef = 4C9CC1DD154E8F330031DB30 /* pkcs11.h */; };
		4C9CC204154E8F330031DB30 /* rsa.h in Headers */ = {isa = PBXBuildFile; fileRef = 4C9CC1DE154E8F330031DB30 /* rsa.h */; };
		4C9CC205154E8F330031DB30 /* sha1.h in Headers */ = {isa = PBXBuildFile; fileRef = 4C9CC1DF154E8F330031DB30 /* sha1.h */; };
		4C9CC206154E8F330031DB30 /* sha2.h in Headers */ = {isa = PBXBuildFile; fileRef = 4C9CC1E0154E8F330031DB30 /* sha2.h */; };
		4C9CC207154E8F330031DB30 /* sha4.h in Headers */ = {isa = PBXBuildFile; fileRef = 4C9CC1E1154E8F330031DB30 /* sha4.h */; };
		4C9CC208154E8F330031DB30 /* ssl.h in Headers */ = {isa = PBXBuildFile; fileRef = 4C9CC1E2154E8F330031DB30 /* ssl.h */; };
		4C9CC209154E8F330031DB30 /* timing.h in Headers */ = {isa = PBXBuildFile; fileRef = 4C9CC1E3154E8F330031DB30 /* timing.h */; };
		4C9CC20A154E8F330031DB30 /* version.h in Headers */ = {isa = PBXBuildFile; fileRef = 4C9CC1E4154E8F330031DB30 /* version.h */; };
		4C9CC20B154E8F330031DB30 /* x509.h in Headers */ = {isa = PBXBuildFile; fileRef = 4C9CC1E5154E8F330031DB30 /* x509.h */; };
		4C9CC20C154E8F330031DB30 /* xtea.h in Headers */ = {isa = PBXBuildFile; fileRef = 4C9CC1E6154E8F330031DB30 /* xtea.h */; };
/* End PBXBuildFile section */

/* Begin PBXFileReference section */
		4C9CC160154E8A7E0031DB30 /* libpolar_ssl.a */ = {isa = PBXFileReference; explicitFileType = archive.ar; includeInIndex = 0; path = libpolar_ssl.a; sourceTree = BUILT_PRODUCTS_DIR; };
		4C9CC163154E8A7E0031DB30 /* Foundation.framework */ = {isa = PBXFileReference; lastKnownFileType = wrapper.framework; name = Foundation.framework; path = System/Library/Frameworks/Foundation.framework; sourceTree = SDKROOT; };
		4C9CC167154E8A7E0031DB30 /* polar_ssl-Prefix.pch */ = {isa = PBXFileReference; lastKnownFileType = sourcecode.c.h; path = "polar_ssl-Prefix.pch"; sourceTree = "<group>"; };
		4C9CC170154E8B060031DB30 /* aes.c */ = {isa = PBXFileReference; fileEncoding = 4; lastKnownFileType = sourcecode.c.c; name = aes.c; path = ../../../library/aes.c; sourceTree = "<group>"; };
		4C9CC171154E8B060031DB30 /* arc4.c */ = {isa = PBXFileReference; fileEncoding = 4; lastKnownFileType = sourcecode.c.c; name = arc4.c; path = ../../../library/arc4.c; sourceTree = "<group>"; };
		4C9CC172154E8B060031DB30 /* asn1parse.c */ = {isa = PBXFileReference; fileEncoding = 4; lastKnownFileType = sourcecode.c.c; name = asn1parse.c; path = ../../../library/asn1parse.c; sourceTree = "<group>"; };
		4C9CC173154E8B060031DB30 /* base64.c */ = {isa = PBXFileReference; fileEncoding = 4; lastKnownFileType = sourcecode.c.c; name = base64.c; path = ../../../library/base64.c; sourceTree = "<group>"; };
		4C9CC174154E8B060031DB30 /* bignum.c */ = {isa = PBXFileReference; fileEncoding = 4; lastKnownFileType = sourcecode.c.c; name = bignum.c; path = ../../../library/bignum.c; sourceTree = "<group>"; };
		4C9CC175154E8B060031DB30 /* camellia.c */ = {isa = PBXFileReference; fileEncoding = 4; lastKnownFileType = sourcecode.c.c; name = camellia.c; path = ../../../library/camellia.c; sourceTree = "<group>"; };
		4C9CC176154E8B060031DB30 /* certs.c */ = {isa = PBXFileReference; fileEncoding = 4; lastKnownFileType = sourcecode.c.c; name = certs.c; path = ../../../library/certs.c; sourceTree = "<group>"; };
		4C9CC177154E8B060031DB30 /* cipher_wrap.c */ = {isa = PBXFileReference; fileEncoding = 4; lastKnownFileType = sourcecode.c.c; name = cipher_wrap.c; path = ../../../library/cipher_wrap.c; sourceTree = "<group>"; };
		4C9CC178154E8B060031DB30 /* cipher.c */ = {isa = PBXFileReference; fileEncoding = 4; lastKnownFileType = sourcecode.c.c; name = cipher.c; path = ../../../library/cipher.c; sourceTree = "<group>"; };
		4C9CC17A154E8B060031DB30 /* ctr_drbg.c */ = {isa = PBXFileReference; fileEncoding = 4; lastKnownFileType = sourcecode.c.c; name = ctr_drbg.c; path = ../../../library/ctr_drbg.c; sourceTree = "<group>"; };
		4C9CC17B154E8B060031DB30 /* debug.c */ = {isa = PBXFileReference; fileEncoding = 4; lastKnownFileType = sourcecode.c.c; name = debug.c; path = ../../../library/debug.c; sourceTree = "<group>"; };
		4C9CC17C154E8B060031DB30 /* des.c */ = {isa = PBXFileReference; fileEncoding = 4; lastKnownFileType = sourcecode.c.c; name = des.c; path = ../../../library/des.c; sourceTree = "<group>"; };
		4C9CC17D154E8B060031DB30 /* dhm.c */ = {isa = PBXFileReference; fileEncoding = 4; lastKnownFileType = sourcecode.c.c; name = dhm.c; path = ../../../library/dhm.c; sourceTree = "<group>"; };
		4C9CC17E154E8B060031DB30 /* entropy_poll.c */ = {isa = PBXFileReference; fileEncoding = 4; lastKnownFileType = sourcecode.c.c; name = entropy_poll.c; path = ../../../library/entropy_poll.c; sourceTree = "<group>"; };
		4C9CC17F154E8B060031DB30 /* entropy.c */ = {isa = PBXFileReference; fileEncoding = 4; lastKnownFileType = sourcecode.c.c; name = entropy.c; path = ../../../library/entropy.c; sourceTree = "<group>"; };
		4C9CC180154E8B060031DB30 /* error.c */ = {isa = PBXFileReference; fileEncoding = 4; lastKnownFileType = sourcecode.c.c; name = error.c; path = ../../../library/error.c; sourceTree = "<group>"; };
		4C9CC181154E8B060031DB30 /* havege.c */ = {isa = PBXFileReference; fileEncoding = 4; lastKnownFileType = sourcecode.c.c; name = havege.c; path = ../../../library/havege.c; sourceTree = "<group>"; };
		4C9CC183154E8B070031DB30 /* md_wrap.c */ = {isa = PBXFileReference; fileEncoding = 4; lastKnownFileType = sourcecode.c.c; name = md_wrap.c; path = ../../../library/md_wrap.c; sourceTree = "<group>"; };
		4C9CC184154E8B070031DB30 /* md.c */ = {isa = PBXFileReference; fileEncoding = 4; lastKnownFileType = sourcecode.c.c; name = md.c; path = ../../../library/md.c; sourceTree = "<group>"; };
		4C9CC185154E8B070031DB30 /* md2.c */ = {isa = PBXFileReference; fileEncoding = 4; lastKnownFileType = sourcecode.c.c; name = md2.c; path = ../../../library/md2.c; sourceTree = "<group>"; };
		4C9CC186154E8B070031DB30 /* md4.c */ = {isa = PBXFileReference; fileEncoding = 4; lastKnownFileType = sourcecode.c.c; name = md4.c; path = ../../../library/md4.c; sourceTree = "<group>"; };
		4C9CC187154E8B070031DB30 /* md5.c */ = {isa = PBXFileReference; fileEncoding = 4; lastKnownFileType = sourcecode.c.c; name = md5.c; path = ../../../library/md5.c; sourceTree = "<group>"; };
		4C9CC188154E8B070031DB30 /* net.c */ = {isa = PBXFileReference; fileEncoding = 4; lastKnownFileType = sourcecode.c.c; name = net.c; path = ../../../library/net.c; sourceTree = "<group>"; };
		4C9CC189154E8B070031DB30 /* padlock.c */ = {isa = PBXFileReference; fileEncoding = 4; lastKnownFileType = sourcecode.c.c; name = padlock.c; path = ../../../library/padlock.c; sourceTree = "<group>"; };
		4C9CC18A154E8B070031DB30 /* pem.c */ = {isa = PBXFileReference; fileEncoding = 4; lastKnownFileType = sourcecode.c.c; name = pem.c; path = ../../../library/pem.c; sourceTree = "<group>"; };
		4C9CC18B154E8B070031DB30 /* pkcs11.c */ = {isa = PBXFileReference; fileEncoding = 4; lastKnownFileType = sourcecode.c.c; name = pkcs11.c; path = ../../../library/pkcs11.c; sourceTree = "<group>"; };
		4C9CC18C154E8B070031DB30 /* rsa.c */ = {isa = PBXFileReference; fileEncoding = 4; lastKnownFileType = sourcecode.c.c; name = rsa.c; path = ../../../library/rsa.c; sourceTree = "<group>"; };
		4C9CC18D154E8B070031DB30 /* sha1.c */ = {isa = PBXFileReference; fileEncoding = 4; lastKnownFileType = sourcecode.c.c; name = sha1.c; path = ../../../library/sha1.c; sourceTree = "<group>"; };
		4C9CC18E154E8B070031DB30 /* sha2.c */ = {isa = PBXFileReference; fileEncoding = 4; lastKnownFileType = sourcecode.c.c; name = sha2.c; path = ../../../library/sha2.c; sourceTree = "<group>"; };
		4C9CC18F154E8B070031DB30 /* sha4.c */ = {isa = PBXFileReference; fileEncoding = 4; lastKnownFileType = sourcecode.c.c; name = sha4.c; path = ../../../library/sha4.c; sourceTree = "<group>"; };
		4C9CC190154E8B070031DB30 /* ssl_cli.c */ = {isa = PBXFileReference; fileEncoding = 4; lastKnownFileType = sourcecode.c.c; name = ssl_cli.c; path = ../../../library/ssl_cli.c; sourceTree = "<group>"; };
		4C9CC191154E8B070031DB30 /* ssl_srv.c */ = {isa = PBXFileReference; fileEncoding = 4; lastKnownFileType = sourcecode.c.c; name = ssl_srv.c; path = ../../../library/ssl_srv.c; sourceTree = "<group>"; };
		4C9CC192154E8B070031DB30 /* ssl_tls.c */ = {isa = PBXFileReference; fileEncoding = 4; lastKnownFileType = sourcecode.c.c; name = ssl_tls.c; path = ../../../library/ssl_tls.c; sourceTree = "<group>"; };
		4C9CC193154E8B070031DB30 /* timing.c */ = {isa = PBXFileReference; fileEncoding = 4; lastKnownFileType = sourcecode.c.c; name = timing.c; path = ../../../library/timing.c; sourceTree = "<group>"; };
		4C9CC194154E8B070031DB30 /* version.c */ = {isa = PBXFileReference; fileEncoding = 4; lastKnownFileType = sourcecode.c.c; name = version.c; path = ../../../library/version.c; sourceTree = "<group>"; };
		4C9CC195154E8B070031DB30 /* x509parse.c */ = {isa = PBXFileReference; fileEncoding = 4; lastKnownFileType = sourcecode.c.c; name = x509parse.c; path = ../../../library/x509parse.c; sourceTree = "<group>"; };
		4C9CC196154E8B070031DB30 /* xtea.c */ = {isa = PBXFileReference; fileEncoding = 4; lastKnownFileType = sourcecode.c.c; name = xtea.c; path = ../../../library/xtea.c; sourceTree = "<group>"; };
		4C9CC1C1154E8F330031DB30 /* aes.h */ = {isa = PBXFileReference; fileEncoding = 4; lastKnownFileType = sourcecode.c.h; name = aes.h; path = ../../../include/polarssl/aes.h; sourceTree = "<group>"; };
		4C9CC1C2154E8F330031DB30 /* arc4.h */ = {isa = PBXFileReference; fileEncoding = 4; lastKnownFileType = sourcecode.c.h; name = arc4.h; path = ../../../include/polarssl/arc4.h; sourceTree = "<group>"; };
		4C9CC1C3154E8F330031DB30 /* asn1.h */ = {isa = PBXFileReference; fileEncoding = 4; lastKnownFileType = sourcecode.c.h; name = asn1.h; path = ../../../include/polarssl/asn1.h; sourceTree = "<group>"; };
		4C9CC1C4154E8F330031DB30 /* base64.h */ = {isa = PBXFileReference; fileEncoding = 4; lastKnownFileType = sourcecode.c.h; name = base64.h; path = ../../../include/polarssl/base64.h; sourceTree = "<group>"; };
		4C9CC1C5154E8F330031DB30 /* bignum.h */ = {isa = PBXFileReference; fileEncoding = 4; lastKnownFileType = sourcecode.c.h; name = bignum.h; path = ../../../include/polarssl/bignum.h; sourceTree = "<group>"; };
		4C9CC1C6154E8F330031DB30 /* bn_mul.h */ = {isa = PBXFileReference; fileEncoding = 4; lastKnownFileType = sourcecode.c.h; name = bn_mul.h; path = ../../../include/polarssl/bn_mul.h; sourceTree = "<group>"; };
		4C9CC1C7154E8F330031DB30 /* camellia.h */ = {isa = PBXFileReference; fileEncoding = 4; lastKnownFileType = sourcecode.c.h; name = camellia.h; path = ../../../include/polarssl/camellia.h; sourceTree = "<group>"; };
		4C9CC1C8154E8F330031DB30 /* certs.h */ = {isa = PBXFileReference; fileEncoding = 4; lastKnownFileType = sourcecode.c.h; name = certs.h; path = ../../../include/polarssl/certs.h; sourceTree = "<group>"; };
		4C9CC1C9154E8F330031DB30 /* cipher_wrap.h */ = {isa = PBXFileReference; fileEncoding = 4; lastKnownFileType = sourcecode.c.h; name = cipher_wrap.h; path = ../../../include/polarssl/cipher_wrap.h; sourceTree = "<group>"; };
		4C9CC1CA154E8F330031DB30 /* cipher.h */ = {isa = PBXFileReference; fileEncoding = 4; lastKnownFileType = sourcecode.c.h; name = cipher.h; path = ../../../include/polarssl/cipher.h; sourceTree = "<group>"; };
		4C9CC1CB154E8F330031DB30 /* config.h */ = {isa = PBXFileReference; fileEncoding = 4; lastKnownFileType = sourcecode.c.h; name = config.h; path = ../../../include/polarssl/config.h; sourceTree = "<group>"; };
		4C9CC1CC154E8F330031DB30 /* ctr_drbg.h */ = {isa = PBXFileReference; fileEncoding = 4; lastKnownFileType = sourcecode.c.h; name = ctr_drbg.h; path = ../../../include/polarssl/ctr_drbg.h; sourceTree = "<group>"; };
		4C9CC1CD154E8F330031DB30 /* debug.h */ = {isa = PBXFileReference; fileEncoding = 4; lastKnownFileType = sourcecode.c.h; name = debug.h; path = ../../../include/polarssl/debug.h; sourceTree = "<group>"; };
		4C9CC1CE154E8F330031DB30 /* des.h */ = {isa = PBXFileReference; fileEncoding = 4; lastKnownFileType = sourcecode.c.h; name = des.h; path = ../../../include/polarssl/des.h; sourceTree = "<group>"; };
		4C9CC1CF154E8F330031DB30 /* dhm.h */ = {isa = PBXFileReference; fileEncoding = 4; lastKnownFileType = sourcecode.c.h; name = dhm.h; path = ../../../include/polarssl/dhm.h; sourceTree = "<group>"; };
		4C9CC1D0154E8F330031DB30 /* entropy_poll.h */ = {isa = PBXFileReference; fileEncoding = 4; lastKnownFileType = sourcecode.c.h; name = entropy_poll.h; path = ../../../include/polarssl/entropy_poll.h; sourceTree = "<group>"; };
		4C9CC1D1154E8F330031DB30 /* entropy.h */ = {isa = PBXFileReference; fileEncoding = 4; lastKnownFileType = sourcecode.c.h; name = entropy.h; path = ../../../include/polarssl/entropy.h; sourceTree = "<group>"; };
		4C9CC1D2154E8F330031DB30 /* error.h */ = {isa = PBXFileReference; fileEncoding = 4; lastKnownFileType = sourcecode.c.h; name = error.h; path = ../../../include/polarssl/error.h; sourceTree = "<group>"; };
		4C9CC1D3154E8F330031DB30 /* havege.h */ = {isa = PBXFileReference; fileEncoding = 4; lastKnownFileType = sourcecode.c.h; name = havege.h; path = ../../../include/polarssl/havege.h; sourceTree = "<group>"; };
		4C9CC1D4154E8F330031DB30 /* md_wrap.h */ = {isa = PBXFileReference; fileEncoding = 4; lastKnownFileType = sourcecode.c.h; name = md_wrap.h; path = ../../../include/polarssl/md_wrap.h; sourceTree = "<group>"; };
		4C9CC1D5154E8F330031DB30 /* md.h */ = {isa = PBXFileReference; fileEncoding = 4; lastKnownFileType = sourcecode.c.h; name = md.h; path = ../../../include/polarssl/md.h; sourceTree = "<group>"; };
		4C9CC1D6154E8F330031DB30 /* md2.h */ = {isa = PBXFileReference; fileEncoding = 4; lastKnownFileType = sourcecode.c.h; name = md2.h; path = ../../../include/polarssl/md2.h; sourceTree = "<group>"; };
		4C9CC1D7154E8F330031DB30 /* md4.h */ = {isa = PBXFileReference; fileEncoding = 4; lastKnownFileType = sourcecode.c.h; name = md4.h; path = ../../../include/polarssl/md4.h; sourceTree = "<group>"; };
		4C9CC1D8154E8F330031DB30 /* md5.h */ = {isa = PBXFileReference; fileEncoding = 4; lastKnownFileType = sourcecode.c.h; name = md5.h; path = ../../../include/polarssl/md5.h; sourceTree = "<group>"; };
		4C9CC1D9154E8F330031DB30 /* net.h */ = {isa = PBXFileReference; fileEncoding = 4; lastKnownFileType = sourcecode.c.h; name = net.h; path = ../../../include/polarssl/net.h; sourceTree = "<group>"; };
		4C9CC1DA154E8F330031DB30 /* openssl.h */ = {isa = PBXFileReference; fileEncoding = 4; lastKnownFileType = sourcecode.c.h; name = openssl.h; path = ../../../include/polarssl/openssl.h; sourceTree = "<group>"; };
		4C9CC1DB154E8F330031DB30 /* padlock.h */ = {isa = PBXFileReference; fileEncoding = 4; lastKnownFileType = sourcecode.c.h; name = padlock.h; path = ../../../include/polarssl/padlock.h; sourceTree = "<group>"; };
		4C9CC1DC154E8F330031DB30 /* pem.h */ = {isa = PBXFileReference; fileEncoding = 4; lastKnownFileType = sourcecode.c.h; name = pem.h; path = ../../../include/polarssl/pem.h; sourceTree = "<group>"; };
		4C9CC1DD154E8F330031DB30 /* pkcs11.h */ = {isa = PBXFileReference; fileEncoding = 4; lastKnownFileType = sourcecode.c.h; name = pkcs11.h; path = ../../../include/polarssl/pkcs11.h; sourceTree = "<group>"; };
		4C9CC1DE154E8F330031DB30 /* rsa.h */ = {isa = PBXFileReference; fileEncoding = 4; lastKnownFileType = sourcecode.c.h; name = rsa.h; path = ../../../include/polarssl/rsa.h; sourceTree = "<group>"; };
		4C9CC1DF154E8F330031DB30 /* sha1.h */ = {isa = PBXFileReference; fileEncoding = 4; lastKnownFileType = sourcecode.c.h; name = sha1.h; path = ../../../include/polarssl/sha1.h; sourceTree = "<group>"; };
		4C9CC1E0154E8F330031DB30 /* sha2.h */ = {isa = PBXFileReference; fileEncoding = 4; lastKnownFileType = sourcecode.c.h; name = sha2.h; path = ../../../include/polarssl/sha2.h; sourceTree = "<group>"; };
		4C9CC1E1154E8F330031DB30 /* sha4.h */ = {isa = PBXFileReference; fileEncoding = 4; lastKnownFileType = sourcecode.c.h; name = sha4.h; path = ../../../include/polarssl/sha4.h; sourceTree = "<group>"; };
		4C9CC1E2154E8F330031DB30 /* ssl.h */ = {isa = PBXFileReference; fileEncoding = 4; lastKnownFileType = sourcecode.c.h; name = ssl.h; path = ../../../include/polarssl/ssl.h; sourceTree = "<group>"; };
		4C9CC1E3154E8F330031DB30 /* timing.h */ = {isa = PBXFileReference; fileEncoding = 4; lastKnownFileType = sourcecode.c.h; name = timing.h; path = ../../../include/polarssl/timing.h; sourceTree = "<group>"; };
		4C9CC1E4154E8F330031DB30 /* version.h */ = {isa = PBXFileReference; fileEncoding = 4; lastKnownFileType = sourcecode.c.h; name = version.h; path = ../../../include/polarssl/version.h; sourceTree = "<group>"; };
		4C9CC1E5154E8F330031DB30 /* x509.h */ = {isa = PBXFileReference; fileEncoding = 4; lastKnownFileType = sourcecode.c.h; name = x509.h; path = ../../../include/polarssl/x509.h; sourceTree = "<group>"; };
		4C9CC1E6154E8F330031DB30 /* xtea.h */ = {isa = PBXFileReference; fileEncoding = 4; lastKnownFileType = sourcecode.c.h; name = xtea.h; path = ../../../include/polarssl/xtea.h; sourceTree = "<group>"; };
/* End PBXFileReference section */

/* Begin PBXFrameworksBuildPhase section */
		4C9CC15D154E8A7E0031DB30 /* Frameworks */ = {
			isa = PBXFrameworksBuildPhase;
			buildActionMask = 2147483647;
			files = (
			);
			runOnlyForDeploymentPostprocessing = 0;
		};
/* End PBXFrameworksBuildPhase section */

/* Begin PBXGroup section */
		4C9CC155154E8A7E0031DB30 = {
			isa = PBXGroup;
			children = (
				4C9CC165154E8A7E0031DB30 /* polar_ssl */,
				4C9CC162154E8A7E0031DB30 /* Frameworks */,
				4C9CC161154E8A7E0031DB30 /* Products */,
			);
			sourceTree = "<group>";
		};
		4C9CC161154E8A7E0031DB30 /* Products */ = {
			isa = PBXGroup;
			children = (
				4C9CC160154E8A7E0031DB30 /* libpolar_ssl.a */,
			);
			name = Products;
			sourceTree = "<group>";
		};
		4C9CC162154E8A7E0031DB30 /* Frameworks */ = {
			isa = PBXGroup;
			children = (
				4C9CC163154E8A7E0031DB30 /* Foundation.framework */,
			);
			name = Frameworks;
			sourceTree = "<group>";
		};
		4C9CC165154E8A7E0031DB30 /* polar_ssl */ = {
			isa = PBXGroup;
			children = (
				4C9CC170154E8B060031DB30 /* aes.c */,
				4C9CC171154E8B060031DB30 /* arc4.c */,
				4C9CC1C0154E8F220031DB30 /* inc */,
				4C9CC172154E8B060031DB30 /* asn1parse.c */,
				4C9CC173154E8B060031DB30 /* base64.c */,
				4C9CC174154E8B060031DB30 /* bignum.c */,
				4C9CC175154E8B060031DB30 /* camellia.c */,
				4C9CC176154E8B060031DB30 /* certs.c */,
				4C9CC177154E8B060031DB30 /* cipher_wrap.c */,
				4C9CC178154E8B060031DB30 /* cipher.c */,
				4C9CC17A154E8B060031DB30 /* ctr_drbg.c */,
				4C9CC17B154E8B060031DB30 /* debug.c */,
				4C9CC17C154E8B060031DB30 /* des.c */,
				4C9CC17D154E8B060031DB30 /* dhm.c */,
				4C9CC17E154E8B060031DB30 /* entropy_poll.c */,
				4C9CC17F154E8B060031DB30 /* entropy.c */,
				4C9CC180154E8B060031DB30 /* error.c */,
				4C9CC181154E8B060031DB30 /* havege.c */,
				4C9CC183154E8B070031DB30 /* md_wrap.c */,
				4C9CC184154E8B070031DB30 /* md.c */,
				4C9CC185154E8B070031DB30 /* md2.c */,
				4C9CC186154E8B070031DB30 /* md4.c */,
				4C9CC187154E8B070031DB30 /* md5.c */,
				4C9CC188154E8B070031DB30 /* net.c */,
				4C9CC189154E8B070031DB30 /* padlock.c */,
				4C9CC18A154E8B070031DB30 /* pem.c */,
				4C9CC18B154E8B070031DB30 /* pkcs11.c */,
				4C9CC18C154E8B070031DB30 /* rsa.c */,
				4C9CC18D154E8B070031DB30 /* sha1.c */,
				4C9CC18E154E8B070031DB30 /* sha2.c */,
				4C9CC18F154E8B070031DB30 /* sha4.c */,
				4C9CC190154E8B070031DB30 /* ssl_cli.c */,
				4C9CC191154E8B070031DB30 /* ssl_srv.c */,
				4C9CC192154E8B070031DB30 /* ssl_tls.c */,
				4C9CC193154E8B070031DB30 /* timing.c */,
				4C9CC194154E8B070031DB30 /* version.c */,
				4C9CC195154E8B070031DB30 /* x509parse.c */,
				4C9CC196154E8B070031DB30 /* xtea.c */,
				4C9CC166154E8A7E0031DB30 /* Supporting Files */,
			);
			path = polar_ssl;
			sourceTree = "<group>";
		};
		4C9CC166154E8A7E0031DB30 /* Supporting Files */ = {
			isa = PBXGroup;
			children = (
				4C9CC167154E8A7E0031DB30 /* polar_ssl-Prefix.pch */,
			);
			name = "Supporting Files";
			sourceTree = "<group>";
		};
		4C9CC1C0154E8F220031DB30 /* inc */ = {
			isa = PBXGroup;
			children = (
				4C9CC1C1154E8F330031DB30 /* aes.h */,
				4C9CC1C2154E8F330031DB30 /* arc4.h */,
				4C9CC1C3154E8F330031DB30 /* asn1.h */,
				4C9CC1C4154E8F330031DB30 /* base64.h */,
				4C9CC1C5154E8F330031DB30 /* bignum.h */,
				4C9CC1C6154E8F330031DB30 /* bn_mul.h */,
				4C9CC1C7154E8F330031DB30 /* camellia.h */,
				4C9CC1C8154E8F330031DB30 /* certs.h */,
				4C9CC1C9154E8F330031DB30 /* cipher_wrap.h */,
				4C9CC1CA154E8F330031DB30 /* cipher.h */,
				4C9CC1CB154E8F330031DB30 /* config.h */,
				4C9CC1CC154E8F330031DB30 /* ctr_drbg.h */,
				4C9CC1CD154E8F330031DB30 /* debug.h */,
				4C9CC1CE154E8F330031DB30 /* des.h */,
				4C9CC1CF154E8F330031DB30 /* dhm.h */,
				4C9CC1D0154E8F330031DB30 /* entropy_poll.h */,
				4C9CC1D1154E8F330031DB30 /* entropy.h */,
				4C9CC1D2154E8F330031DB30 /* error.h */,
				4C9CC1D3154E8F330031DB30 /* havege.h */,
				4C9CC1D4154E8F330031DB30 /* md_wrap.h */,
				4C9CC1D5154E8F330031DB30 /* md.h */,
				4C9CC1D6154E8F330031DB30 /* md2.h */,
				4C9CC1D7154E8F330031DB30 /* md4.h */,
				4C9CC1D8154E8F330031DB30 /* md5.h */,
				4C9CC1D9154E8F330031DB30 /* net.h */,
				4C9CC1DA154E8F330031DB30 /* openssl.h */,
				4C9CC1DB154E8F330031DB30 /* padlock.h */,
				4C9CC1DC154E8F330031DB30 /* pem.h */,
				4C9CC1DD154E8F330031DB30 /* pkcs11.h */,
				4C9CC1DE154E8F330031DB30 /* rsa.h */,
				4C9CC1DF154E8F330031DB30 /* sha1.h */,
				4C9CC1E0154E8F330031DB30 /* sha2.h */,
				4C9CC1E1154E8F330031DB30 /* sha4.h */,
				4C9CC1E2154E8F330031DB30 /* ssl.h */,
				4C9CC1E3154E8F330031DB30 /* timing.h */,
				4C9CC1E4154E8F330031DB30 /* version.h */,
				4C9CC1E5154E8F330031DB30 /* x509.h */,
				4C9CC1E6154E8F330031DB30 /* xtea.h */,
			);
			name = inc;
			sourceTree = "<group>";
		};
/* End PBXGroup section */

/* Begin PBXHeadersBuildPhase section */
		4C9CC15E154E8A7E0031DB30 /* Headers */ = {
			isa = PBXHeadersBuildPhase;
			buildActionMask = 2147483647;
			files = (
				4C9CC1E7154E8F330031DB30 /* aes.h in Headers */,
				4C9CC1E8154E8F330031DB30 /* arc4.h in Headers */,
				4C9CC1E9154E8F330031DB30 /* asn1.h in Headers */,
				4C9CC1EA154E8F330031DB30 /* base64.h in Headers */,
				4C9CC1EB154E8F330031DB30 /* bignum.h in Headers */,
				4C9CC1EC154E8F330031DB30 /* bn_mul.h in Headers */,
				4C9CC1ED154E8F330031DB30 /* camellia.h in Headers */,
				4C9CC1EE154E8F330031DB30 /* certs.h in Headers */,
				4C9CC1EF154E8F330031DB30 /* cipher_wrap.h in Headers */,
				4C9CC1F0154E8F330031DB30 /* cipher.h in Headers */,
				4C9CC1F1154E8F330031DB30 /* config.h in Headers */,
				4C9CC1F2154E8F330031DB30 /* ctr_drbg.h in Headers */,
				4C9CC1F3154E8F330031DB30 /* debug.h in Headers */,
				4C9CC1F4154E8F330031DB30 /* des.h in Headers */,
				4C9CC1F5154E8F330031DB30 /* dhm.h in Headers */,
				4C9CC1F6154E8F330031DB30 /* entropy_poll.h in Headers */,
				4C9CC1F7154E8F330031DB30 /* entropy.h in Headers */,
				4C9CC1F8154E8F330031DB30 /* error.h in Headers */,
				4C9CC1F9154E8F330031DB30 /* havege.h in Headers */,
				4C9CC1FA154E8F330031DB30 /* md_wrap.h in Headers */,
				4C9CC1FB154E8F330031DB30 /* md.h in Headers */,
				4C9CC1FC154E8F330031DB30 /* md2.h in Headers */,
				4C9CC1FD154E8F330031DB30 /* md4.h in Headers */,
				4C9CC1FE154E8F330031DB30 /* md5.h in Headers */,
				4C9CC1FF154E8F330031DB30 /* net.h in Headers */,
				4C9CC200154E8F330031DB30 /* openssl.h in Headers */,
				4C9CC201154E8F330031DB30 /* padlock.h in Headers */,
				4C9CC202154E8F330031DB30 /* pem.h in Headers */,
				4C9CC203154E8F330031DB30 /* pkcs11.h in Headers */,
				4C9CC204154E8F330031DB30 /* rsa.h in Headers */,
				4C9CC205154E8F330031DB30 /* sha1.h in Headers */,
				4C9CC206154E8F330031DB30 /* sha2.h in Headers */,
				4C9CC207154E8F330031DB30 /* sha4.h in Headers */,
				4C9CC208154E8F330031DB30 /* ssl.h in Headers */,
				4C9CC209154E8F330031DB30 /* timing.h in Headers */,
				4C9CC20A154E8F330031DB30 /* version.h in Headers */,
				4C9CC20B154E8F330031DB30 /* x509.h in Headers */,
				4C9CC20C154E8F330031DB30 /* xtea.h in Headers */,
			);
			runOnlyForDeploymentPostprocessing = 0;
		};
/* End PBXHeadersBuildPhase section */

/* Begin PBXNativeTarget section */
		4C9CC15F154E8A7E0031DB30 /* polar_ssl */ = {
			isa = PBXNativeTarget;
			buildConfigurationList = 4C9CC16D154E8A7E0031DB30 /* Build configuration list for PBXNativeTarget "polar_ssl" */;
			buildPhases = (
				4C9CC15C154E8A7E0031DB30 /* Sources */,
				4C9CC15D154E8A7E0031DB30 /* Frameworks */,
				4C9CC15E154E8A7E0031DB30 /* Headers */,
			);
			buildRules = (
			);
			dependencies = (
			);
			name = polar_ssl;
			productName = polar_ssl;
			productReference = 4C9CC160154E8A7E0031DB30 /* libpolar_ssl.a */;
			productType = "com.apple.product-type.library.static";
		};
/* End PBXNativeTarget section */

/* Begin PBXProject section */
		4C9CC157154E8A7E0031DB30 /* Project object */ = {
			isa = PBXProject;
			attributes = {
				LastUpgradeCheck = 0430;
			};
			buildConfigurationList = 4C9CC15A154E8A7E0031DB30 /* Build configuration list for PBXProject "polar_ssl" */;
			compatibilityVersion = "Xcode 3.2";
			developmentRegion = English;
			hasScannedForEncodings = 0;
			knownRegions = (
				en,
			);
			mainGroup = 4C9CC155154E8A7E0031DB30;
			productRefGroup = 4C9CC161154E8A7E0031DB30 /* Products */;
			projectDirPath = "";
			projectRoot = "";
			targets = (
				4C9CC15F154E8A7E0031DB30 /* polar_ssl */,
			);
		};
/* End PBXProject section */

/* Begin PBXSourcesBuildPhase section */
		4C9CC15C154E8A7E0031DB30 /* Sources */ = {
			isa = PBXSourcesBuildPhase;
			buildActionMask = 2147483647;
			files = (
				4C9CC197154E8B070031DB30 /* aes.c in Sources */,
				4C9CC198154E8B070031DB30 /* arc4.c in Sources */,
				4C9CC199154E8B070031DB30 /* asn1parse.c in Sources */,
				4C9CC19A154E8B070031DB30 /* base64.c in Sources */,
				4C9CC19B154E8B070031DB30 /* bignum.c in Sources */,
				4C9CC19C154E8B070031DB30 /* camellia.c in Sources */,
				4C9CC19D154E8B070031DB30 /* certs.c in Sources */,
				4C9CC19E154E8B070031DB30 /* cipher_wrap.c in Sources */,
				4C9CC19F154E8B070031DB30 /* cipher.c in Sources */,
				4C9CC1A0154E8B070031DB30 /* ctr_drbg.c in Sources */,
				4C9CC1A1154E8B070031DB30 /* debug.c in Sources */,
				4C9CC1A2154E8B070031DB30 /* des.c in Sources */,
				4C9CC1A3154E8B070031DB30 /* dhm.c in Sources */,
				4C9CC1A4154E8B070031DB30 /* entropy_poll.c in Sources */,
				4C9CC1A5154E8B070031DB30 /* entropy.c in Sources */,
				4C9CC1A6154E8B070031DB30 /* error.c in Sources */,
				4C9CC1A7154E8B070031DB30 /* havege.c in Sources */,
				4C9CC1A9154E8B070031DB30 /* md_wrap.c in Sources */,
				4C9CC1AA154E8B070031DB30 /* md.c in Sources */,
				4C9CC1AB154E8B070031DB30 /* md2.c in Sources */,
				4C9CC1AC154E8B070031DB30 /* md4.c in Sources */,
				4C9CC1AD154E8B070031DB30 /* md5.c in Sources */,
				4C9CC1AE154E8B070031DB30 /* net.c in Sources */,
				4C9CC1AF154E8B070031DB30 /* padlock.c in Sources */,
				4C9CC1B0154E8B070031DB30 /* pem.c in Sources */,
				4C9CC1B1154E8B070031DB30 /* pkcs11.c in Sources */,
				4C9CC1B2154E8B070031DB30 /* rsa.c in Sources */,
				4C9CC1B3154E8B070031DB30 /* sha1.c in Sources */,
				4C9CC1B4154E8B070031DB30 /* sha2.c in Sources */,
				4C9CC1B5154E8B070031DB30 /* sha4.c in Sources */,
				4C9CC1B6154E8B070031DB30 /* ssl_cli.c in Sources */,
				4C9CC1B7154E8B070031DB30 /* ssl_srv.c in Sources */,
				4C9CC1B8154E8B070031DB30 /* ssl_tls.c in Sources */,
				4C9CC1B9154E8B070031DB30 /* timing.c in Sources */,
				4C9CC1BA154E8B070031DB30 /* version.c in Sources */,
				4C9CC1BB154E8B070031DB30 /* x509parse.c in Sources */,
				4C9CC1BC154E8B070031DB30 /* xtea.c in Sources */,
			);
			runOnlyForDeploymentPostprocessing = 0;
		};
/* End PBXSourcesBuildPhase section */

/* Begin XCBuildConfiguration section */
		4C9CC16B154E8A7E0031DB30 /* Debug */ = {
			isa = XCBuildConfiguration;
			buildSettings = {
				ALWAYS_SEARCH_USER_PATHS = YES;
				ARCHS = "$(ARCHS_STANDARD_32_BIT)";
				CLANG_ENABLE_OBJC_ARC = YES;
				COPY_PHASE_STRIP = NO;
				GCC_C_LANGUAGE_STANDARD = gnu99;
				GCC_DYNAMIC_NO_PIC = NO;
				GCC_OPTIMIZATION_LEVEL = 0;
				GCC_PREPROCESSOR_DEFINITIONS = (
					"DEBUG=1",
					"$(inherited)",
				);
				GCC_SYMBOLS_PRIVATE_EXTERN = NO;
				GCC_VERSION = com.apple.compilers.llvm.clang.1_0;
				GCC_WARN_ABOUT_RETURN_TYPE = YES;
				GCC_WARN_UNINITIALIZED_AUTOS = YES;
				GCC_WARN_UNUSED_VARIABLE = YES;
				HEADER_SEARCH_PATHS = "";
				IPHONEOS_DEPLOYMENT_TARGET = 5.1;
				SDKROOT = iphoneos;
				USER_HEADER_SEARCH_PATHS = "";
				WARNING_CFLAGS = "";
			};
			name = Debug;
		};
		4C9CC16C154E8A7E0031DB30 /* Release */ = {
			isa = XCBuildConfiguration;
			buildSettings = {
				ALWAYS_SEARCH_USER_PATHS = YES;
				ARCHS = "$(ARCHS_STANDARD_32_BIT)";
				CLANG_ENABLE_OBJC_ARC = YES;
				COPY_PHASE_STRIP = YES;
				GCC_C_LANGUAGE_STANDARD = gnu99;
				GCC_VERSION = com.apple.compilers.llvm.clang.1_0;
				GCC_WARN_ABOUT_RETURN_TYPE = YES;
				GCC_WARN_UNINITIALIZED_AUTOS = YES;
				GCC_WARN_UNUSED_VARIABLE = YES;
				HEADER_SEARCH_PATHS = "";
				IPHONEOS_DEPLOYMENT_TARGET = 5.1;
				SDKROOT = iphoneos;
				USER_HEADER_SEARCH_PATHS = "";
				VALIDATE_PRODUCT = YES;
				WARNING_CFLAGS = "";
			};
			name = Release;
		};
		4C9CC16E154E8A7E0031DB30 /* Debug */ = {
			isa = XCBuildConfiguration;
			buildSettings = {
				ALWAYS_SEARCH_USER_PATHS = NO;
				DSTROOT = /tmp/polar_ssl.dst;
				GCC_OPTIMIZATION_LEVEL = 3;
				GCC_PRECOMPILE_PREFIX_HEADER = NO;
				GCC_PREFIX_HEADER = "polar_ssl/polar_ssl-Prefix.pch";
				HEADER_SEARCH_PATHS = "";
				OTHER_LDFLAGS = "";
				PRECOMPS_INCLUDE_HEADERS_FROM_BUILT_PRODUCTS_DIR = NO;
				PRIVATE_HEADERS_FOLDER_PATH = /usr/local/include;
				PRODUCT_NAME = "$(TARGET_NAME)";
				PUBLIC_HEADERS_FOLDER_PATH = /usr/local/include;
				SKIP_INSTALL = YES;
				STRIP_INSTALLED_PRODUCT = NO;
				USER_HEADER_SEARCH_PATHS = "../../include/**";
			};
			name = Debug;
		};
		4C9CC16F154E8A7E0031DB30 /* Release */ = {
			isa = XCBuildConfiguration;
			buildSettings = {
				ALWAYS_SEARCH_USER_PATHS = NO;
				DSTROOT = /tmp/polar_ssl.dst;
				GCC_OPTIMIZATION_LEVEL = 3;
				GCC_PRECOMPILE_PREFIX_HEADER = NO;
				GCC_PREFIX_HEADER = "polar_ssl/polar_ssl-Prefix.pch";
				HEADER_SEARCH_PATHS = "";
				OTHER_LDFLAGS = "";
				PRECOMPS_INCLUDE_HEADERS_FROM_BUILT_PRODUCTS_DIR = NO;
				PRIVATE_HEADERS_FOLDER_PATH = /usr/local/include;
				PRODUCT_NAME = "$(TARGET_NAME)";
				PUBLIC_HEADERS_FOLDER_PATH = /usr/local/include;
				SKIP_INSTALL = YES;
				STRIP_INSTALLED_PRODUCT = NO;
				USER_HEADER_SEARCH_PATHS = "../../include/**";
			};
			name = Release;
		};
/* End XCBuildConfiguration section */

/* Begin XCConfigurationList section */
		4C9CC15A154E8A7E0031DB30 /* Build configuration list for PBXProject "polar_ssl" */ = {
			isa = XCConfigurationList;
			buildConfigurations = (
				4C9CC16B154E8A7E0031DB30 /* Debug */,
				4C9CC16C154E8A7E0031DB30 /* Release */,
			);
			defaultConfigurationIsVisible = 0;
			defaultConfigurationName = Release;
		};
		4C9CC16D154E8A7E0031DB30 /* Build configuration list for PBXNativeTarget "polar_ssl" */ = {
			isa = XCConfigurationList;
			buildConfigurations = (
				4C9CC16E154E8A7E0031DB30 /* Debug */,
				4C9CC16F154E8A7E0031DB30 /* Release */,
			);
			defaultConfigurationIsVisible = 0;
			defaultConfigurationName = Release;
		};
/* End XCConfigurationList section */
	};
	rootObject = 4C9CC157154E8A7E0031DB30 /* Project object */;
}
